{
  "requires": true,
  "lockfileVersion": 1,
  "dependencies": {
    "exceptionless": {
      "version": "1.6.3",
      "resolved": "https://registry.npmjs.org/exceptionless/-/exceptionless-1.6.3.tgz",
      "integrity": "sha512-mNcyY6SsTZ8fT/M1ebqkAM67FhomvUw8BGgETBLCgMqDtT2WahFS7vXLoD7TFxLSSH+1qLSWaMVFVIWAa0QDHA==",
      "requires": {
        "stack-trace": "0.0.10"
      }
    },
    "stack-trace": {
      "version": "0.0.10",
      "resolved": "https://registry.npmjs.org/stack-trace/-/stack-trace-0.0.10.tgz",
      "integrity": "sha1-VHxws0fo0ytOEI6hoqFZ5f3eGcA="
    }
  }
}
